
Microsoft Visual Studio Solution File, Format Version 12.00
# Visual Studio Version 16
VisualStudioVersion = 16.0.30804.86
MinimumVisualStudioVersion = 10.0.40219.1
Project("{FAE04EC0-301F-11D3-BF4B-00C04F79EFBC}") = "Scaleable.Xrm.Plugin.SetCurrentUser", "Scaleable.Xrm.Plugin.SetCurrentUser.csproj", "{AEC148EF-80B5-4E67-8538-36E75698E4C4}"
EndProject
Global
	GlobalSection(SolutionConfigurationPlatforms) = preSolution
		Debug|Any CPU = Debug|Any CPU
		Release|Any CPU = Release|Any CPU
	EndGlobalSection
	GlobalSection(ProjectConfigurationPlatforms) = postSolution
		{AEC148EF-80B5-4E67-8538-36E75698E4C4}.Debug|Any CPU.ActiveCfg = Debug|Any CPU
		{AEC148EF-80B5-4E67-8538-36E75698E4C4}.Debug|Any CPU.Build.0 = Debug|Any CPU
		{AEC148EF-80B5-4E67-8538-36E75698E4C4}.Release|Any CPU.ActiveCfg = Release|Any CPU
		{AEC148EF-80B5-4E67-8538-36E75698E4C4}.Release|Any CPU.Build.0 = Release|Any CPU
	EndGlobalSection
	GlobalSection(SolutionProperties) = preSolution
		HideSolutionNode = FALSE
	EndGlobalSection
	GlobalSection(ExtensibilityGlobals) = postSolution
		SolutionGuid = {8955B899-92C4-4B7B-97AC-7BB6C748556C}
	EndGlobalSection
EndGlobal
