
Microsoft Visual Studio Solution File, Format Version 12.00
# Visual Studio Version 16
VisualStudioVersion = 16.0.32106.194
MinimumVisualStudioVersion = 10.0.40219.1
Project("{FAE04EC0-301F-11D3-BF4B-00C04F79EFBC}") = "Scaleable.Xrm.Plugin.Task.CreateAppointment", "Scaleable.Xrm.Plugin.Task.CreateAppointment.csproj", "{05FDC9F8-B4DA-45A6-8E99-3955726B0774}"
EndProject
Global
	GlobalSection(SolutionConfigurationPlatforms) = preSolution
		Debug|Any CPU = Debug|Any CPU
		Release|Any CPU = Release|Any CPU
	EndGlobalSection
	GlobalSection(ProjectConfigurationPlatforms) = postSolution
		{05FDC9F8-B4DA-45A6-8E99-3955726B0774}.Debug|Any CPU.ActiveCfg = Debug|Any CPU
		{05FDC9F8-B4DA-45A6-8E99-3955726B0774}.Debug|Any CPU.Build.0 = Debug|Any CPU
		{05FDC9F8-B4DA-45A6-8E99-3955726B0774}.Release|Any CPU.ActiveCfg = Release|Any CPU
		{05FDC9F8-B4DA-45A6-8E99-3955726B0774}.Release|Any CPU.Build.0 = Release|Any CPU
	EndGlobalSection
	GlobalSection(SolutionProperties) = preSolution
		HideSolutionNode = FALSE
	EndGlobalSection
	GlobalSection(ExtensibilityGlobals) = postSolution
		SolutionGuid = {473A66A2-EDD4-4004-8A02-2BF3592F5543}
	EndGlobalSection
EndGlobal
