
Microsoft Visual Studio Solution File, Format Version 12.00
# Visual Studio 15
VisualStudioVersion = 15.0.28307.1062
MinimumVisualStudioVersion = 10.0.40219.1
Project("{FAE04EC0-301F-11D3-BF4B-00C04F79EFBC}") = "Scaleable.Xrm.Plugins.CreateExportLogs", "Scaleable.Xrm.Plugins.CreateExportLogs\Scaleable.Xrm.Plugins.CreateExportLogs.csproj", "{C41CDF34-0469-4C34-8B85-2B222F0863CE}"
EndProject
Global
	GlobalSection(SolutionConfigurationPlatforms) = preSolution
		Debug|Any CPU = Debug|Any CPU
		Release|Any CPU = Release|Any CPU
	EndGlobalSection
	GlobalSection(ProjectConfigurationPlatforms) = postSolution
		{C41CDF34-0469-4C34-8B85-2B222F0863CE}.Debug|Any CPU.ActiveCfg = Debug|Any CPU
		{C41CDF34-0469-4C34-8B85-2B222F0863CE}.Debug|Any CPU.Build.0 = Debug|Any CPU
		{C41CDF34-0469-4C34-8B85-2B222F0863CE}.Release|Any CPU.ActiveCfg = Release|Any CPU
		{C41CDF34-0469-4C34-8B85-2B222F0863CE}.Release|Any CPU.Build.0 = Release|Any CPU
	EndGlobalSection
	GlobalSection(SolutionProperties) = preSolution
		HideSolutionNode = FALSE
	EndGlobalSection
	GlobalSection(ExtensibilityGlobals) = postSolution
		SolutionGuid = {49872D07-EC44-4E4E-943B-E724B02EA7AC}
	EndGlobalSection
EndGlobal
