
Microsoft Visual Studio Solution File, Format Version 12.00
# Visual Studio 15
VisualStudioVersion = 15.0.28307.539
MinimumVisualStudioVersion = 10.0.40219.1
Project("{FAE04EC0-301F-11D3-BF4B-00C04F79EFBC}") = "Scaleable.Xrm.Plugin.CreateXMLDocument", "Scaleable.Xrm.Plugin.CreateXMLDocument\Scaleable.Xrm.Plugin.CreateXMLDocument.csproj", "{1DC7269E-0A6E-4F93-B406-15FB98D51B98}"
EndProject
Global
	GlobalSection(SolutionConfigurationPlatforms) = preSolution
		Debug|Any CPU = Debug|Any CPU
		Release|Any CPU = Release|Any CPU
	EndGlobalSection
	GlobalSection(ProjectConfigurationPlatforms) = postSolution
		{1DC7269E-0A6E-4F93-B406-15FB98D51B98}.Debug|Any CPU.ActiveCfg = Debug|Any CPU
		{1DC7269E-0A6E-4F93-B406-15FB98D51B98}.Debug|Any CPU.Build.0 = Debug|Any CPU
		{1DC7269E-0A6E-4F93-B406-15FB98D51B98}.Release|Any CPU.ActiveCfg = Release|Any CPU
		{1DC7269E-0A6E-4F93-B406-15FB98D51B98}.Release|Any CPU.Build.0 = Release|Any CPU
	EndGlobalSection
	GlobalSection(SolutionProperties) = preSolution
		HideSolutionNode = FALSE
	EndGlobalSection
	GlobalSection(ExtensibilityGlobals) = postSolution
		SolutionGuid = {6C09D788-D65A-49B2-BD29-A0E849C82A2E}
	EndGlobalSection
EndGlobal
